
Microsoft Visual Studio Solution File, Format Version 12.00
# Visual Studio 15
VisualStudioVersion = 15.0.27705.2000
MinimumVisualStudioVersion = 10.0.40219.1
Project("{FAE04EC0-301F-11D3-BF4B-00C04F79EFBC}") = "MvcMusicStore", "MvcMusicStore\MvcMusicStore.csproj", "{E6D3C4AF-4066-4D8A-B8B5-5B787E39A03A}"
EndProject
Global
	GlobalSection(SolutionConfigurationPlatforms) = preSolution
		Debug|Any CPU = Debug|Any CPU
		Release|Any CPU = Release|Any CPU
	EndGlobalSection
	GlobalSection(ProjectConfigurationPlatforms) = postSolution
		{E6D3C4AF-4066-4D8A-B8B5-5B787E39A03A}.Debug|Any CPU.ActiveCfg = Debug|Any CPU
		{E6D3C4AF-4066-4D8A-B8B5-5B787E39A03A}.Debug|Any CPU.Build.0 = Debug|Any CPU
		{E6D3C4AF-4066-4D8A-B8B5-5B787E39A03A}.Release|Any CPU.ActiveCfg = Release|Any CPU
		{E6D3C4AF-4066-4D8A-B8B5-5B787E39A03A}.Release|Any CPU.Build.0 = Release|Any CPU
	EndGlobalSection
	GlobalSection(SolutionProperties) = preSolution
		HideSolutionNode = FALSE
	EndGlobalSection
	GlobalSection(ExtensibilityGlobals) = postSolution
		SolutionGuid = {AD068F81-8B71-4995-8AB2-6565FECEF6F4}
	EndGlobalSection
EndGlobal
